
Microsoft Visual Studio Solution File, Format Version 12.00
# Visual Studio Version 17
VisualStudioVersion = 17.14.36310.24 d17.14
MinimumVisualStudioVersion = 10.0.40219.1
Project("{FAE04EC0-301F-11D3-BF4B-00C04F79EFBC}") = "Week3Workshop", "Week3Workshop\Week3Workshop.csproj", "{B809C68A-388D-4871-B372-66E5169E9426}"
EndProject
Global
	GlobalSection(SolutionConfigurationPlatforms) = preSolution
		Debug|Any CPU = Debug|Any CPU
		Release|Any CPU = Release|Any CPU
	EndGlobalSection
	GlobalSection(ProjectConfigurationPlatforms) = postSolution
		{B809C68A-388D-4871-B372-66E5169E9426}.Debug|Any CPU.ActiveCfg = Debug|Any CPU
		{B809C68A-388D-4871-B372-66E5169E9426}.Debug|Any CPU.Build.0 = Debug|Any CPU
		{B809C68A-388D-4871-B372-66E5169E9426}.Release|Any CPU.ActiveCfg = Release|Any CPU
		{B809C68A-388D-4871-B372-66E5169E9426}.Release|Any CPU.Build.0 = Release|Any CPU
	EndGlobalSection
	GlobalSection(SolutionProperties) = preSolution
		HideSolutionNode = FALSE
	EndGlobalSection
	GlobalSection(ExtensibilityGlobals) = postSolution
		SolutionGuid = {FCBEED49-BC18-4CDA-A723-EE517504C569}
	EndGlobalSection
EndGlobal
